{
  "name": "polkavm-host-runtime-workspace",
  "version": "0.2.0",
  "lockfileVersion": 3,
  "requires": true,
  "packages": {
    "": {
      "name": "polkavm-host-runtime-workspace",
      "version": "0.2.0",
      "license": "MPL-2.0",
      "workspaces": [
        "js/packages/*"
      ],
      "engines": {
        "node": ">=22"
      }
    },
    "js/packages/polkavm-browser-runtime": {
      "name": "@parity/polkavm-browser-runtime",
      "version": "0.2.0",
      "license": "MPL-2.0",
      "engines": {
        "node": ">=22"
      }
    },
    "node_modules/@parity/polkavm-browser-runtime": {
      "resolved": "js/packages/polkavm-browser-runtime",
      "link": true
    }
  }
}
